
Microsoft Visual Studio Solution File, Format Version 12.00
# Visual Studio 15
Project("{FAE04EC0-301F-11D3-BF4B-00C04F79EFBC}") = "Assembly-CSharp", "Assembly-CSharp.csproj", "{39CF5F4F-C0FB-DDB6-7FBF-6A026A4A594B}"
EndProject
Global
	GlobalSection(SolutionConfigurationPlatforms) = preSolution
		Debug|Any CPU = Debug|Any CPU
		Release|Any CPU = Release|Any CPU
	EndGlobalSection
	GlobalSection(ProjectConfigurationPlatforms) = postSolution
		{39CF5F4F-C0FB-DDB6-7FBF-6A026A4A594B}.Debug|Any CPU.ActiveCfg = Debug|Any CPU
		{39CF5F4F-C0FB-DDB6-7FBF-6A026A4A594B}.Debug|Any CPU.Build.0 = Debug|Any CPU
		{39CF5F4F-C0FB-DDB6-7FBF-6A026A4A594B}.Release|Any CPU.ActiveCfg = Release|Any CPU
		{39CF5F4F-C0FB-DDB6-7FBF-6A026A4A594B}.Release|Any CPU.Build.0 = Release|Any CPU
	EndGlobalSection
	GlobalSection(SolutionProperties) = preSolution
		HideSolutionNode = FALSE
	EndGlobalSection
EndGlobal
